
Microsoft Visual Studio Solution File, Format Version 12.00
# Visual Studio 15
VisualStudioVersion = 15.0.27130.2010
MinimumVisualStudioVersion = 10.0.40219.1
Project("{FAE04EC0-301F-11D3-BF4B-00C04F79EFBC}") = "ChatTU", "ChatTU\ChatTU.csproj", "{DC3C3C59-84D1-4883-B686-48A4BDD0652C}"
EndProject
Project("{FAE04EC0-301F-11D3-BF4B-00C04F79EFBC}") = "ChatTU.Data", "ChatTU.Data\ChatTU.Data.csproj", "{C9082796-CB89-41AE-BB44-CD9F0D1EF174}"
EndProject
Project("{FAE04EC0-301F-11D3-BF4B-00C04F79EFBC}") = "ChatTU.Services", "ChatTU.Services\ChatTU.Services.csproj", "{725E12B2-37DD-44B9-9A0B-97A71F36EED0}"
EndProject
Global
	GlobalSection(SolutionConfigurationPlatforms) = preSolution
		Debug|Any CPU = Debug|Any CPU
		Release|Any CPU = Release|Any CPU
	EndGlobalSection
	GlobalSection(ProjectConfigurationPlatforms) = postSolution
		{DC3C3C59-84D1-4883-B686-48A4BDD0652C}.Debug|Any CPU.ActiveCfg = Debug|Any CPU
		{DC3C3C59-84D1-4883-B686-48A4BDD0652C}.Debug|Any CPU.Build.0 = Debug|Any CPU
		{DC3C3C59-84D1-4883-B686-48A4BDD0652C}.Release|Any CPU.ActiveCfg = Release|Any CPU
		{DC3C3C59-84D1-4883-B686-48A4BDD0652C}.Release|Any CPU.Build.0 = Release|Any CPU
		{C9082796-CB89-41AE-BB44-CD9F0D1EF174}.Debug|Any CPU.ActiveCfg = Debug|Any CPU
		{C9082796-CB89-41AE-BB44-CD9F0D1EF174}.Debug|Any CPU.Build.0 = Debug|Any CPU
		{C9082796-CB89-41AE-BB44-CD9F0D1EF174}.Release|Any CPU.ActiveCfg = Release|Any CPU
		{C9082796-CB89-41AE-BB44-CD9F0D1EF174}.Release|Any CPU.Build.0 = Release|Any CPU
		{725E12B2-37DD-44B9-9A0B-97A71F36EED0}.Debug|Any CPU.ActiveCfg = Debug|Any CPU
		{725E12B2-37DD-44B9-9A0B-97A71F36EED0}.Debug|Any CPU.Build.0 = Debug|Any CPU
		{725E12B2-37DD-44B9-9A0B-97A71F36EED0}.Release|Any CPU.ActiveCfg = Release|Any CPU
		{725E12B2-37DD-44B9-9A0B-97A71F36EED0}.Release|Any CPU.Build.0 = Release|Any CPU
	EndGlobalSection
	GlobalSection(SolutionProperties) = preSolution
		HideSolutionNode = FALSE
	EndGlobalSection
	GlobalSection(ExtensibilityGlobals) = postSolution
		SolutionGuid = {049458F4-5C03-4AEF-B6D5-BD5F5FD95EF0}
	EndGlobalSection
EndGlobal
